
Microsoft Visual Studio Solution File, Format Version 12.00
# Visual Studio Version 16
VisualStudioVersion = 16.0.29806.167
MinimumVisualStudioVersion = 10.0.40219.1
Project("{FAE04EC0-301F-11D3-BF4B-00C04F79EFBC}") = "TelegramBot", "TelegramBot\TelegramBot.csproj", "{51C08DB9-56E4-4637-B751-8280D6859FB8}"
EndProject
Global
	GlobalSection(SolutionConfigurationPlatforms) = preSolution
		Debug|Any CPU = Debug|Any CPU
		Release|Any CPU = Release|Any CPU
	EndGlobalSection
	GlobalSection(ProjectConfigurationPlatforms) = postSolution
		{51C08DB9-56E4-4637-B751-8280D6859FB8}.Debug|Any CPU.ActiveCfg = Debug|Any CPU
		{51C08DB9-56E4-4637-B751-8280D6859FB8}.Debug|Any CPU.Build.0 = Debug|Any CPU
		{51C08DB9-56E4-4637-B751-8280D6859FB8}.Release|Any CPU.ActiveCfg = Release|Any CPU
		{51C08DB9-56E4-4637-B751-8280D6859FB8}.Release|Any CPU.Build.0 = Release|Any CPU
	EndGlobalSection
	GlobalSection(SolutionProperties) = preSolution
		HideSolutionNode = FALSE
	EndGlobalSection
	GlobalSection(ExtensibilityGlobals) = postSolution
		SolutionGuid = {64FB8A7C-7CCC-4137-AFDF-FE3A517DA75F}
	EndGlobalSection
EndGlobal
